Microsoft Visual Studio Solution File, Format Version 11.00
# Visual Studio 2008

Project("{ECF9204D-C495-A8D6-72DC-79E981298554}") = "MyPong", "Assembly-CSharp.csproj", "{6003B3F2-80FE-A9E3-4B31-4A0EF5D70163}"
EndProject
Global
	GlobalSection(SolutionConfigurationPlatforms) = preSolution
		Debug|Any CPU = Debug|Any CPU
		Release|Any CPU = Release|Any CPU
	EndGlobalSection
	GlobalSection(ProjectConfigurationPlatforms) = postSolution
		{6003B3F2-80FE-A9E3-4B31-4A0EF5D70163}.Debug|Any CPU.ActiveCfg = Debug|Any CPU
		{6003B3F2-80FE-A9E3-4B31-4A0EF5D70163}.Debug|Any CPU.Build.0 = Debug|Any CPU
		{6003B3F2-80FE-A9E3-4B31-4A0EF5D70163}.Release|Any CPU.ActiveCfg = Release|Any CPU
		{6003B3F2-80FE-A9E3-4B31-4A0EF5D70163}.Release|Any CPU.Build.0 = Release|Any CPU
	EndGlobalSection
	GlobalSection(SolutionProperties) = preSolution
		HideSolutionNode = FALSE
	EndGlobalSection
	GlobalSection(MonoDevelopProperties) = preSolution
		StartupItem = Assembly-CSharp.csproj
	EndGlobalSection
EndGlobal
